// !$*UTF8*$!
{
	archiveVersion = 1;
	classes = {
	};
	objectVersion = 48;
	objects = {

/* Begin PBXBuildFile section */
		5101F8D2BC7F6A58557CD335 /* Pods_Wallet.framework in Frameworks */ = {isa = PBXBuildFile; fileRef = D94AE04D7CA3DF29C180EA0C /* Pods_Wallet.framework */; };
		791BB11E1FA66A2700231794 /* TimeTravel.swift in Sources */ = {isa = PBXBuildFile; fileRef = 791BB11D1FA66A2700231794 /* TimeTravel.swift */; };
		791BB1201FAC6BAC00231794 /* ScaledContainerViewController.swift in Sources */ = {isa = PBXBuildFile; fileRef = 791BB11F1FAC6BAC00231794 /* ScaledContainerViewController.swift */; };
		791BB1221FACAFFC00231794 /* Slider.swift in Sources */ = {isa = PBXBuildFile; fileRef = 791BB1211FACAFFC00231794 /* Slider.swift */; };
		794DD8501FA3C4BC00594479 /* Incremental.swift in Sources */ = {isa = PBXBuildFile; fileRef = 794DD83C1FA3C47400594479 /* Incremental.swift */; };
		794DD8511FA3C4BC00594479 /* Incremental+NSObject.swift in Sources */ = {isa = PBXBuildFile; fileRef = 794DD83D1FA3C47400594479 /* Incremental+NSObject.swift */; };
		794DD8521FA3C4BC00594479 /* Label.swift in Sources */ = {isa = PBXBuildFile; fileRef = 794DD83F1FA3C47400594479 /* Label.swift */; };
		794DD8531FA3C4BC00594479 /* ViewController.swift in Sources */ = {isa = PBXBuildFile; fileRef = 794DD8401FA3C47400594479 /* ViewController.swift */; };
		794DD8541FA3C4BC00594479 /* Constraints.swift in Sources */ = {isa = PBXBuildFile; fileRef = 794DD8411FA3C47400594479 /* Constraints.swift */; };
		794DD8551FA3C4BC00594479 /* StackView.swift in Sources */ = {isa = PBXBuildFile; fileRef = 794DD8421FA3C47400594479 /* StackView.swift */; };
		794DD8561FA3C4BC00594479 /* Incremental+UIKit.swift in Sources */ = {isa = PBXBuildFile; fileRef = 794DD8431FA3C47400594479 /* Incremental+UIKit.swift */; };
		794DD8571FA3C4BC00594479 /* MapView.swift in Sources */ = {isa = PBXBuildFile; fileRef = 794DD8441FA3C47400594479 /* MapView.swift */; };
		794DD8581FA3C4BC00594479 /* ActivityIndicator.swift in Sources */ = {isa = PBXBuildFile; fileRef = 794DD8451FA3C47400594479 /* ActivityIndicator.swift */; };
		794DD8591FA3C4BC00594479 /* TableView.swift in Sources */ = {isa = PBXBuildFile; fileRef = 794DD8461FA3C47400594479 /* TableView.swift */; };
		794DD85A1FA3C4BC00594479 /* TextField.swift in Sources */ = {isa = PBXBuildFile; fileRef = 794DD8471FA3C47400594479 /* TextField.swift */; };
		794DD85C1FA3C4BC00594479 /* Button.swift in Sources */ = {isa = PBXBuildFile; fileRef = 794DD8491FA3C47400594479 /* Button.swift */; };
		794DD85D1FA3C4BC00594479 /* NavigationController.swift in Sources */ = {isa = PBXBuildFile; fileRef = 794DD84A1FA3C47400594479 /* NavigationController.swift */; };
		794DD85E1FA3C4BC00594479 /* Helpers.swift in Sources */ = {isa = PBXBuildFile; fileRef = 794DD84B1FA3C47400594479 /* Helpers.swift */; };
		794DD85F1FA3C4BC00594479 /* IncrementalStdLib.swift in Sources */ = {isa = PBXBuildFile; fileRef = 794DD84C1FA3C47400594479 /* IncrementalStdLib.swift */; };
		794DD8601FA3C4BC00594479 /* IncrementalArray.swift in Sources */ = {isa = PBXBuildFile; fileRef = 794DD84D1FA3C47400594479 /* IncrementalArray.swift */; };
		794DD8611FA3C4CF00594479 /* Utilities.swift in Sources */ = {isa = PBXBuildFile; fileRef = 794DD8361FA3C47400594479 /* Utilities.swift */; };
		794DD8621FA3C4CF00594479 /* SideEffects.swift in Sources */ = {isa = PBXBuildFile; fileRef = 794DD8381FA3C47400594479 /* SideEffects.swift */; };
		796C70FB1FA3BBFE005CC404 /* AppDelegate.swift in Sources */ = {isa = PBXBuildFile; fileRef = 796C70FA1FA3BBFE005CC404 /* AppDelegate.swift */; };
		796C70FD1FA3BBFE005CC404 /* LoginFlow.swift in Sources */ = {isa = PBXBuildFile; fileRef = 796C70FC1FA3BBFE005CC404 /* LoginFlow.swift */; };
		796C71021FA3BBFE005CC404 /* Assets.xcassets in Resources */ = {isa = PBXBuildFile; fileRef = 796C71011FA3BBFE005CC404 /* Assets.xcassets */; };
		796C71051FA3BBFE005CC404 /* LaunchScreen.storyboard in Resources */ = {isa = PBXBuildFile; fileRef = 796C71031FA3BBFE005CC404 /* LaunchScreen.storyboard */; };
		796C710D1FA3BC20005CC404 /* Monoid.swift in Sources */ = {isa = PBXBuildFile; fileRef = 796C710C1FA3BC20005CC404 /* Monoid.swift */; };
		796C710F1FA3BC83005CC404 /* Reducer.swift in Sources */ = {isa = PBXBuildFile; fileRef = 796C710E1FA3BC83005CC404 /* Reducer.swift */; };
		796C71111FA3BD09005CC404 /* Store.swift in Sources */ = {isa = PBXBuildFile; fileRef = 796C71101FA3BD09005CC404 /* Store.swift */; };
		79E715E21FA3E6050025C182 /* RoutableNavigationController.swift in Sources */ = {isa = PBXBuildFile; fileRef = 79E715E11FA3E6050025C182 /* RoutableNavigationController.swift */; };
		79E715E81FA4B2320025C182 /* State.swift in Sources */ = {isa = PBXBuildFile; fileRef = 79E715E71FA4B2320025C182 /* State.swift */; };
		79E715EA1FA4B2760025C182 /* Update.swift in Sources */ = {isa = PBXBuildFile; fileRef = 79E715E91FA4B2760025C182 /* Update.swift */; };
		79E715EC1FA5ECB90025C182 /* Optics.swift in Sources */ = {isa = PBXBuildFile; fileRef = 79E715EB1FA5ECB90025C182 /* Optics.swift */; };
		79E715EE1FA5FCDA0025C182 /* CollectionView.swift in Sources */ = {isa = PBXBuildFile; fileRef = 79E715ED1FA5FCDA0025C182 /* CollectionView.swift */; };
/* End PBXBuildFile section */

/* Begin PBXFileReference section */
		791BB11D1FA66A2700231794 /* TimeTravel.swift */ = {isa = PBXFileReference; lastKnownFileType = sourcecode.swift; path = TimeTravel.swift; sourceTree = "<group>"; };
		791BB11F1FAC6BAC00231794 /* ScaledContainerViewController.swift */ = {isa = PBXFileReference; lastKnownFileType = sourcecode.swift; path = ScaledContainerViewController.swift; sourceTree = "<group>"; };
		791BB1211FACAFFC00231794 /* Slider.swift */ = {isa = PBXFileReference; lastKnownFileType = sourcecode.swift; path = Slider.swift; sourceTree = "<group>"; };
		794DD8361FA3C47400594479 /* Utilities.swift */ = {isa = PBXFileReference; lastKnownFileType = sourcecode.swift; path = Utilities.swift; sourceTree = "<group>"; };
		794DD8381FA3C47400594479 /* SideEffects.swift */ = {isa = PBXFileReference; lastKnownFileType = sourcecode.swift; path = SideEffects.swift; sourceTree = "<group>"; };
		794DD83C1FA3C47400594479 /* Incremental.swift */ = {isa = PBXFileReference; lastKnownFileType = sourcecode.swift; path = Incremental.swift; sourceTree = "<group>"; };
		794DD83D1FA3C47400594479 /* Incremental+NSObject.swift */ = {isa = PBXFileReference; lastKnownFileType = sourcecode.swift; path = "Incremental+NSObject.swift"; sourceTree = "<group>"; };
		794DD83F1FA3C47400594479 /* Label.swift */ = {isa = PBXFileReference; lastKnownFileType = sourcecode.swift; path = Label.swift; sourceTree = "<group>"; };
		794DD8401FA3C47400594479 /* ViewController.swift */ = {isa = PBXFileReference; lastKnownFileType = sourcecode.swift; path = ViewController.swift; sourceTree = "<group>"; };
		794DD8411FA3C47400594479 /* Constraints.swift */ = {isa = PBXFileReference; lastKnownFileType = sourcecode.swift; path = Constraints.swift; sourceTree = "<group>"; };
		794DD8421FA3C47400594479 /* StackView.swift */ = {isa = PBXFileReference; lastKnownFileType = sourcecode.swift; path = StackView.swift; sourceTree = "<group>"; };
		794DD8431FA3C47400594479 /* Incremental+UIKit.swift */ = {isa = PBXFileReference; lastKnownFileType = sourcecode.swift; path = "Incremental+UIKit.swift"; sourceTree = "<group>"; };
		794DD8441FA3C47400594479 /* MapView.swift */ = {isa = PBXFileReference; lastKnownFileType = sourcecode.swift; path = MapView.swift; sourceTree = "<group>"; };
		794DD8451FA3C47400594479 /* ActivityIndicator.swift */ = {isa = PBXFileReference; lastKnownFileType = sourcecode.swift; path = ActivityIndicator.swift; sourceTree = "<group>"; };
		794DD8461FA3C47400594479 /* TableView.swift */ = {isa = PBXFileReference; lastKnownFileType = sourcecode.swift; path = TableView.swift; sourceTree = "<group>"; };
		794DD8471FA3C47400594479 /* TextField.swift */ = {isa = PBXFileReference; lastKnownFileType = sourcecode.swift; path = TextField.swift; sourceTree = "<group>"; };
		794DD8491FA3C47400594479 /* Button.swift */ = {isa = PBXFileReference; lastKnownFileType = sourcecode.swift; path = Button.swift; sourceTree = "<group>"; };
		794DD84A1FA3C47400594479 /* NavigationController.swift */ = {isa = PBXFileReference; lastKnownFileType = sourcecode.swift; path = NavigationController.swift; sourceTree = "<group>"; };
		794DD84B1FA3C47400594479 /* Helpers.swift */ = {isa = PBXFileReference; lastKnownFileType = sourcecode.swift; path = Helpers.swift; sourceTree = "<group>"; };
		794DD84C1FA3C47400594479 /* IncrementalStdLib.swift */ = {isa = PBXFileReference; lastKnownFileType = sourcecode.swift; path = IncrementalStdLib.swift; sourceTree = "<group>"; };
		794DD84D1FA3C47400594479 /* IncrementalArray.swift */ = {isa = PBXFileReference; lastKnownFileType = sourcecode.swift; path = IncrementalArray.swift; sourceTree = "<group>"; };
		796C70F71FA3BBFE005CC404 /* Wallet.app */ = {isa = PBXFileReference; explicitFileType = wrapper.application; includeInIndex = 0; path = Wallet.app; sourceTree = BUILT_PRODUCTS_DIR; };
		796C70FA1FA3BBFE005CC404 /* AppDelegate.swift */ = {isa = PBXFileReference; lastKnownFileType = sourcecode.swift; path = AppDelegate.swift; sourceTree = "<group>"; };
		796C70FC1FA3BBFE005CC404 /* LoginFlow.swift */ = {isa = PBXFileReference; lastKnownFileType = sourcecode.swift; path = LoginFlow.swift; sourceTree = "<group>"; };
		796C71011FA3BBFE005CC404 /* Assets.xcassets */ = {isa = PBXFileReference; lastKnownFileType = folder.assetcatalog; path = Assets.xcassets; sourceTree = "<group>"; };
		796C71041FA3BBFE005CC404 /* Base */ = {isa = PBXFileReference; lastKnownFileType = file.storyboard; name = Base; path = Base.lproj/LaunchScreen.storyboard; sourceTree = "<group>"; };
		796C71061FA3BBFE005CC404 /* Info.plist */ = {isa = PBXFileReference; lastKnownFileType = text.plist.xml; path = Info.plist; sourceTree = "<group>"; };
		796C710C1FA3BC20005CC404 /* Monoid.swift */ = {isa = PBXFileReference; lastKnownFileType = sourcecode.swift; path = Monoid.swift; sourceTree = "<group>"; };
		796C710E1FA3BC83005CC404 /* Reducer.swift */ = {isa = PBXFileReference; lastKnownFileType = sourcecode.swift; path = Reducer.swift; sourceTree = "<group>"; };
		796C71101FA3BD09005CC404 /* Store.swift */ = {isa = PBXFileReference; lastKnownFileType = sourcecode.swift; path = Store.swift; sourceTree = "<group>"; };
		79E715E11FA3E6050025C182 /* RoutableNavigationController.swift */ = {isa = PBXFileReference; lastKnownFileType = sourcecode.swift; path = RoutableNavigationController.swift; sourceTree = "<group>"; };
		79E715E71FA4B2320025C182 /* State.swift */ = {isa = PBXFileReference; lastKnownFileType = sourcecode.swift; path = State.swift; sourceTree = "<group>"; };
		79E715E91FA4B2760025C182 /* Update.swift */ = {isa = PBXFileReference; lastKnownFileType = sourcecode.swift; path = Update.swift; sourceTree = "<group>"; };
		79E715EB1FA5ECB90025C182 /* Optics.swift */ = {isa = PBXFileReference; lastKnownFileType = sourcecode.swift; path = Optics.swift; sourceTree = "<group>"; };
		79E715ED1FA5FCDA0025C182 /* CollectionView.swift */ = {isa = PBXFileReference; lastKnownFileType = sourcecode.swift; path = CollectionView.swift; sourceTree = "<group>"; };
		9680F07D61A69A03D220BA73 /* Pods-Wallet.release.xcconfig */ = {isa = PBXFileReference; includeInIndex = 1; lastKnownFileType = text.xcconfig; name = "Pods-Wallet.release.xcconfig"; path = "Pods/Target Support Files/Pods-Wallet/Pods-Wallet.release.xcconfig"; sourceTree = "<group>"; };
		BA9814B0C04C2C00976C7431 /* Pods-Wallet.debug.xcconfig */ = {isa = PBXFileReference; includeInIndex = 1; lastKnownFileType = text.xcconfig; name = "Pods-Wallet.debug.xcconfig"; path = "Pods/Target Support Files/Pods-Wallet/Pods-Wallet.debug.xcconfig"; sourceTree = "<group>"; };
		D94AE04D7CA3DF29C180EA0C /* Pods_Wallet.framework */ = {isa = PBXFileReference; explicitFileType = wrapper.framework; includeInIndex = 0; path = Pods_Wallet.framework; sourceTree = BUILT_PRODUCTS_DIR; };
/* End PBXFileReference section */

/* Begin PBXFrameworksBuildPhase section */
		796C70F41FA3BBFE005CC404 /* Frameworks */ = {
			isa = PBXFrameworksBuildPhase;
			buildActionMask = 2147483647;
			files = (
				5101F8D2BC7F6A58557CD335 /* Pods_Wallet.framework in Frameworks */,
			);
			runOnlyForDeploymentPostprocessing = 0;
		};
/* End PBXFrameworksBuildPhase section */

/* Begin PBXGroup section */
		2E578A4DC49D05EF7AB9E0DC /* Frameworks */ = {
			isa = PBXGroup;
			children = (
				D94AE04D7CA3DF29C180EA0C /* Pods_Wallet.framework */,
			);
			name = Frameworks;
			sourceTree = "<group>";
		};
		5A359264F1F7F279DD2BAE6C /* Pods */ = {
			isa = PBXGroup;
			children = (
				BA9814B0C04C2C00976C7431 /* Pods-Wallet.debug.xcconfig */,
				9680F07D61A69A03D220BA73 /* Pods-Wallet.release.xcconfig */,
			);
			name = Pods;
			sourceTree = "<group>";
		};
		794DD8351FA3C47400594479 /* IncrementalElm */ = {
			isa = PBXGroup;
			children = (
				794DD8361FA3C47400594479 /* Utilities.swift */,
				794DD8381FA3C47400594479 /* SideEffects.swift */,
			);
			path = IncrementalElm;
			sourceTree = "<group>";
		};
		794DD83B1FA3C47400594479 /* Incremental */ = {
			isa = PBXGroup;
			children = (
				794DD83C1FA3C47400594479 /* Incremental.swift */,
				794DD83D1FA3C47400594479 /* Incremental+NSObject.swift */,
				794DD83E1FA3C47400594479 /* Incremental+UIKit */,
				794DD84B1FA3C47400594479 /* Helpers.swift */,
				794DD84C1FA3C47400594479 /* IncrementalStdLib.swift */,
				794DD84D1FA3C47400594479 /* IncrementalArray.swift */,
			);
			path = Incremental;
			sourceTree = "<group>";
		};
		794DD83E1FA3C47400594479 /* Incremental+UIKit */ = {
			isa = PBXGroup;
			children = (
				794DD83F1FA3C47400594479 /* Label.swift */,
				794DD8401FA3C47400594479 /* ViewController.swift */,
				794DD8411FA3C47400594479 /* Constraints.swift */,
				794DD8421FA3C47400594479 /* StackView.swift */,
				794DD8431FA3C47400594479 /* Incremental+UIKit.swift */,
				794DD8441FA3C47400594479 /* MapView.swift */,
				794DD8451FA3C47400594479 /* ActivityIndicator.swift */,
				794DD8461FA3C47400594479 /* TableView.swift */,
				794DD8471FA3C47400594479 /* TextField.swift */,
				794DD8491FA3C47400594479 /* Button.swift */,
				794DD84A1FA3C47400594479 /* NavigationController.swift */,
				79E715ED1FA5FCDA0025C182 /* CollectionView.swift */,
				791BB1211FACAFFC00231794 /* Slider.swift */,
			);
			path = "Incremental+UIKit";
			sourceTree = "<group>";
		};
		794DD8641FA3CBC300594479 /* Screens */ = {
			isa = PBXGroup;
			children = (
				796C70FC1FA3BBFE005CC404 /* LoginFlow.swift */,
			);
			path = Screens;
			sourceTree = "<group>";
		};
		796C70EE1FA3BBFE005CC404 = {
			isa = PBXGroup;
			children = (
				79E715E01FA3E5F70025C182 /* RoutableUIKit */,
				796C70F91FA3BBFE005CC404 /* Wallet */,
				794DD83B1FA3C47400594479 /* Incremental */,
				794DD8351FA3C47400594479 /* IncrementalElm */,
				796C70F81FA3BBFE005CC404 /* Products */,
				5A359264F1F7F279DD2BAE6C /* Pods */,
				2E578A4DC49D05EF7AB9E0DC /* Frameworks */,
			);
			sourceTree = "<group>";
		};
		796C70F81FA3BBFE005CC404 /* Products */ = {
			isa = PBXGroup;
			children = (
				796C70F71FA3BBFE005CC404 /* Wallet.app */,
			);
			name = Products;
			sourceTree = "<group>";
		};
		796C70F91FA3BBFE005CC404 /* Wallet */ = {
			isa = PBXGroup;
			children = (
				794DD8641FA3CBC300594479 /* Screens */,
				796C70FA1FA3BBFE005CC404 /* AppDelegate.swift */,
				796C71011FA3BBFE005CC404 /* Assets.xcassets */,
				796C71031FA3BBFE005CC404 /* LaunchScreen.storyboard */,
				796C71061FA3BBFE005CC404 /* Info.plist */,
				796C710C1FA3BC20005CC404 /* Monoid.swift */,
				796C710E1FA3BC83005CC404 /* Reducer.swift */,
				79E715EB1FA5ECB90025C182 /* Optics.swift */,
				796C71101FA3BD09005CC404 /* Store.swift */,
				79E715E91FA4B2760025C182 /* Update.swift */,
				79E715E71FA4B2320025C182 /* State.swift */,
				791BB11D1FA66A2700231794 /* TimeTravel.swift */,
				791BB11F1FAC6BAC00231794 /* ScaledContainerViewController.swift */,
			);
			path = Wallet;
			sourceTree = "<group>";
		};
		79E715E01FA3E5F70025C182 /* RoutableUIKit */ = {
			isa = PBXGroup;
			children = (
				79E715E11FA3E6050025C182 /* RoutableNavigationController.swift */,
			);
			path = RoutableUIKit;
			sourceTree = "<group>";
		};
/* End PBXGroup section */

/* Begin PBXNativeTarget section */
		796C70F61FA3BBFE005CC404 /* Wallet */ = {
			isa = PBXNativeTarget;
			buildConfigurationList = 796C71091FA3BBFE005CC404 /* Build configuration list for PBXNativeTarget "Wallet" */;
			buildPhases = (
				0F5C74B627E8681AB30AC554 /* [CP] Check Pods Manifest.lock */,
				796C70F31FA3BBFE005CC404 /* Sources */,
				796C70F41FA3BBFE005CC404 /* Frameworks */,
				796C70F51FA3BBFE005CC404 /* Resources */,
				5E190E78C36F4458D3345EE5 /* [CP] Embed Pods Frameworks */,
				9B384B21DBD8D1DD2D9FC5A3 /* [CP] Copy Pods Resources */,
			);
			buildRules = (
			);
			dependencies = (
			);
			name = Wallet;
			productName = Wallet;
			productReference = 796C70F71FA3BBFE005CC404 /* Wallet.app */;
			productType = "com.apple.product-type.application";
		};
/* End PBXNativeTarget section */

/* Begin PBXProject section */
		796C70EF1FA3BBFE005CC404 /* Project object */ = {
			isa = PBXProject;
			attributes = {
				LastSwiftUpdateCheck = 0900;
				LastUpgradeCheck = 0900;
				ORGANIZATIONNAME = "Petr Šíma";
				TargetAttributes = {
					796C70F61FA3BBFE005CC404 = {
						CreatedOnToolsVersion = 9.0;
						ProvisioningStyle = Automatic;
					};
				};
			};
			buildConfigurationList = 796C70F21FA3BBFE005CC404 /* Build configuration list for PBXProject "Wallet" */;
			compatibilityVersion = "Xcode 8.0";
			developmentRegion = en;
			hasScannedForEncodings = 0;
			knownRegions = (
				en,
				Base,
			);
			mainGroup = 796C70EE1FA3BBFE005CC404;
			productRefGroup = 796C70F81FA3BBFE005CC404 /* Products */;
			projectDirPath = "";
			projectRoot = "";
			targets = (
				796C70F61FA3BBFE005CC404 /* Wallet */,
			);
		};
/* End PBXProject section */

/* Begin PBXResourcesBuildPhase section */
		796C70F51FA3BBFE005CC404 /* Resources */ = {
			isa = PBXResourcesBuildPhase;
			buildActionMask = 2147483647;
			files = (
				796C71051FA3BBFE005CC404 /* LaunchScreen.storyboard in Resources */,
				796C71021FA3BBFE005CC404 /* Assets.xcassets in Resources */,
			);
			runOnlyForDeploymentPostprocessing = 0;
		};
/* End PBXResourcesBuildPhase section */

/* Begin PBXShellScriptBuildPhase section */
		0F5C74B627E8681AB30AC554 /* [CP] Check Pods Manifest.lock */ = {
			isa = PBXShellScriptBuildPhase;
			buildActionMask = 2147483647;
			files = (
			);
			inputPaths = (
			);
			name = "[CP] Check Pods Manifest.lock";
			outputPaths = (
			);
			runOnlyForDeploymentPostprocessing = 0;
			shellPath = /bin/sh;
			shellScript = "diff \"${PODS_PODFILE_DIR_PATH}/Podfile.lock\" \"${PODS_ROOT}/Manifest.lock\" > /dev/null\nif [ $? != 0 ] ; then\n    # print error to STDERR\n    echo \"error: The sandbox is not in sync with the Podfile.lock. Run 'pod install' or update your CocoaPods installation.\" >&2\n    exit 1\nfi\n";
			showEnvVarsInLog = 0;
		};
		5E190E78C36F4458D3345EE5 /* [CP] Embed Pods Frameworks */ = {
			isa = PBXShellScriptBuildPhase;
			buildActionMask = 2147483647;
			files = (
			);
			inputPaths = (
			);
			name = "[CP] Embed Pods Frameworks";
			outputPaths = (
			);
			runOnlyForDeploymentPostprocessing = 0;
			shellPath = /bin/sh;
			shellScript = "\"${SRCROOT}/Pods/Target Support Files/Pods-Wallet/Pods-Wallet-frameworks.sh\"\n";
			showEnvVarsInLog = 0;
		};
		9B384B21DBD8D1DD2D9FC5A3 /* [CP] Copy Pods Resources */ = {
			isa = PBXShellScriptBuildPhase;
			buildActionMask = 2147483647;
			files = (
			);
			inputPaths = (
			);
			name = "[CP] Copy Pods Resources";
			outputPaths = (
			);
			runOnlyForDeploymentPostprocessing = 0;
			shellPath = /bin/sh;
			shellScript = "\"${SRCROOT}/Pods/Target Support Files/Pods-Wallet/Pods-Wallet-resources.sh\"\n";
			showEnvVarsInLog = 0;
		};
/* End PBXShellScriptBuildPhase section */

/* Begin PBXSourcesBuildPhase section */
		796C70F31FA3BBFE005CC404 /* Sources */ = {
			isa = PBXSourcesBuildPhase;
			buildActionMask = 2147483647;
			files = (
				796C71111FA3BD09005CC404 /* Store.swift in Sources */,
				794DD8591FA3C4BC00594479 /* TableView.swift in Sources */,
				79E715EE1FA5FCDA0025C182 /* CollectionView.swift in Sources */,
				794DD8551FA3C4BC00594479 /* StackView.swift in Sources */,
				791BB1221FACAFFC00231794 /* Slider.swift in Sources */,
				794DD85E1FA3C4BC00594479 /* Helpers.swift in Sources */,
				794DD85A1FA3C4BC00594479 /* TextField.swift in Sources */,
				794DD8511FA3C4BC00594479 /* Incremental+NSObject.swift in Sources */,
				794DD8541FA3C4BC00594479 /* Constraints.swift in Sources */,
				794DD8581FA3C4BC00594479 /* ActivityIndicator.swift in Sources */,
				79E715EA1FA4B2760025C182 /* Update.swift in Sources */,
				791BB11E1FA66A2700231794 /* TimeTravel.swift in Sources */,
				794DD85C1FA3C4BC00594479 /* Button.swift in Sources */,
				794DD8621FA3C4CF00594479 /* SideEffects.swift in Sources */,
				794DD8571FA3C4BC00594479 /* MapView.swift in Sources */,
				796C710D1FA3BC20005CC404 /* Monoid.swift in Sources */,
				794DD8531FA3C4BC00594479 /* ViewController.swift in Sources */,
				794DD8611FA3C4CF00594479 /* Utilities.swift in Sources */,
				794DD85D1FA3C4BC00594479 /* NavigationController.swift in Sources */,
				791BB1201FAC6BAC00231794 /* ScaledContainerViewController.swift in Sources */,
				796C70FD1FA3BBFE005CC404 /* LoginFlow.swift in Sources */,
				796C710F1FA3BC83005CC404 /* Reducer.swift in Sources */,
				794DD8501FA3C4BC00594479 /* Incremental.swift in Sources */,
				79E715EC1FA5ECB90025C182 /* Optics.swift in Sources */,
				794DD8561FA3C4BC00594479 /* Incremental+UIKit.swift in Sources */,
				79E715E21FA3E6050025C182 /* RoutableNavigationController.swift in Sources */,
				794DD8521FA3C4BC00594479 /* Label.swift in Sources */,
				794DD85F1FA3C4BC00594479 /* IncrementalStdLib.swift in Sources */,
				794DD8601FA3C4BC00594479 /* IncrementalArray.swift in Sources */,
				79E715E81FA4B2320025C182 /* State.swift in Sources */,
				796C70FB1FA3BBFE005CC404 /* AppDelegate.swift in Sources */,
			);
			runOnlyForDeploymentPostprocessing = 0;
		};
/* End PBXSourcesBuildPhase section */

/* Begin PBXVariantGroup section */
		796C71031FA3BBFE005CC404 /* LaunchScreen.storyboard */ = {
			isa = PBXVariantGroup;
			children = (
				796C71041FA3BBFE005CC404 /* Base */,
			);
			name = LaunchScreen.storyboard;
			sourceTree = "<group>";
		};
/* End PBXVariantGroup section */

/* Begin XCBuildConfiguration section */
		796C71071FA3BBFE005CC404 /* Debug */ = {
			isa = XCBuildConfiguration;
			buildSettings = {
				ALWAYS_SEARCH_USER_PATHS = NO;
				CLANG_ANALYZER_NONNULL = YES;
				CLANG_ANALYZER_NUMBER_OBJECT_CONVERSION = YES_AGGRESSIVE;
				CLANG_CXX_LANGUAGE_STANDARD = "gnu++14";
				CLANG_CXX_LIBRARY = "libc++";
				CLANG_ENABLE_MODULES = YES;
				CLANG_ENABLE_OBJC_ARC = YES;
				CLANG_WARN_BLOCK_CAPTURE_AUTORELEASING = YES;
				CLANG_WARN_BOOL_CONVERSION = YES;
				CLANG_WARN_COMMA = YES;
				CLANG_WARN_CONSTANT_CONVERSION = YES;
				CLANG_WARN_DIRECT_OBJC_ISA_USAGE = YES_ERROR;
				CLANG_WARN_DOCUMENTATION_COMMENTS = YES;
				CLANG_WARN_EMPTY_BODY = YES;
				CLANG_WARN_ENUM_CONVERSION = YES;
				CLANG_WARN_INFINITE_RECURSION = YES;
				CLANG_WARN_INT_CONVERSION = YES;
				CLANG_WARN_NON_LITERAL_NULL_CONVERSION = YES;
				CLANG_WARN_OBJC_LITERAL_CONVERSION = YES;
				CLANG_WARN_OBJC_ROOT_CLASS = YES_ERROR;
				CLANG_WARN_RANGE_LOOP_ANALYSIS = YES;
				CLANG_WARN_STRICT_PROTOTYPES = YES;
				CLANG_WARN_SUSPICIOUS_MOVE = YES;
				CLANG_WARN_UNGUARDED_AVAILABILITY = YES_AGGRESSIVE;
				CLANG_WARN_UNREACHABLE_CODE = YES;
				CLANG_WARN__DUPLICATE_METHOD_MATCH = YES;
				CODE_SIGN_IDENTITY = "iPhone Developer";
				COPY_PHASE_STRIP = NO;
				DEBUG_INFORMATION_FORMAT = dwarf;
				ENABLE_STRICT_OBJC_MSGSEND = YES;
				ENABLE_TESTABILITY = YES;
				GCC_C_LANGUAGE_STANDARD = gnu11;
				GCC_DYNAMIC_NO_PIC = NO;
				GCC_NO_COMMON_BLOCKS = YES;
				GCC_OPTIMIZATION_LEVEL = 0;
				GCC_PREPROCESSOR_DEFINITIONS = (
					"DEBUG=1",
					"$(inherited)",
				);
				GCC_WARN_64_TO_32_BIT_CONVERSION = YES;
				GCC_WARN_ABOUT_RETURN_TYPE = YES_ERROR;
				GCC_WARN_UNDECLARED_SELECTOR = YES;
				GCC_WARN_UNINITIALIZED_AUTOS = YES_AGGRESSIVE;
				GCC_WARN_UNUSED_FUNCTION = YES;
				GCC_WARN_UNUSED_VARIABLE = YES;
				IPHONEOS_DEPLOYMENT_TARGET = 11.0;
				MTL_ENABLE_DEBUG_INFO = YES;
				ONLY_ACTIVE_ARCH = YES;
				SDKROOT = iphoneos;
				SWIFT_ACTIVE_COMPILATION_CONDITIONS = DEBUG;
				SWIFT_OPTIMIZATION_LEVEL = "-Onone";
			};
			name = Debug;
		};
		796C71081FA3BBFE005CC404 /* Release */ = {
			isa = XCBuildConfiguration;
			buildSettings = {
				ALWAYS_SEARCH_USER_PATHS = NO;
				CLANG_ANALYZER_NONNULL = YES;
				CLANG_ANALYZER_NUMBER_OBJECT_CONVERSION = YES_AGGRESSIVE;
				CLANG_CXX_LANGUAGE_STANDARD = "gnu++14";
				CLANG_CXX_LIBRARY = "libc++";
				CLANG_ENABLE_MODULES = YES;
				CLANG_ENABLE_OBJC_ARC = YES;
				CLANG_WARN_BLOCK_CAPTURE_AUTORELEASING = YES;
				CLANG_WARN_BOOL_CONVERSION = YES;
				CLANG_WARN_COMMA = YES;
				CLANG_WARN_CONSTANT_CONVERSION = YES;
				CLANG_WARN_DIRECT_OBJC_ISA_USAGE = YES_ERROR;
				CLANG_WARN_DOCUMENTATION_COMMENTS = YES;
				CLANG_WARN_EMPTY_BODY = YES;
				CLANG_WARN_ENUM_CONVERSION = YES;
				CLANG_WARN_INFINITE_RECURSION = YES;
				CLANG_WARN_INT_CONVERSION = YES;
				CLANG_WARN_NON_LITERAL_NULL_CONVERSION = YES;
				CLANG_WARN_OBJC_LITERAL_CONVERSION = YES;
				CLANG_WARN_OBJC_ROOT_CLASS = YES_ERROR;
				CLANG_WARN_RANGE_LOOP_ANALYSIS = YES;
				CLANG_WARN_STRICT_PROTOTYPES = YES;
				CLANG_WARN_SUSPICIOUS_MOVE = YES;
				CLANG_WARN_UNGUARDED_AVAILABILITY = YES_AGGRESSIVE;
				CLANG_WARN_UNREACHABLE_CODE = YES;
				CLANG_WARN__DUPLICATE_METHOD_MATCH = YES;
				CODE_SIGN_IDENTITY = "iPhone Developer";
				COPY_PHASE_STRIP = NO;
				DEBUG_INFORMATION_FORMAT = "dwarf-with-dsym";
				ENABLE_NS_ASSERTIONS = NO;
				ENABLE_STRICT_OBJC_MSGSEND = YES;
				GCC_C_LANGUAGE_STANDARD = gnu11;
				GCC_NO_COMMON_BLOCKS = YES;
				GCC_WARN_64_TO_32_BIT_CONVERSION = YES;
				GCC_WARN_ABOUT_RETURN_TYPE = YES_ERROR;
				GCC_WARN_UNDECLARED_SELECTOR = YES;
				GCC_WARN_UNINITIALIZED_AUTOS = YES_AGGRESSIVE;
				GCC_WARN_UNUSED_FUNCTION = YES;
				GCC_WARN_UNUSED_VARIABLE = YES;
				IPHONEOS_DEPLOYMENT_TARGET = 11.0;
				MTL_ENABLE_DEBUG_INFO = NO;
				SDKROOT = iphoneos;
				SWIFT_OPTIMIZATION_LEVEL = "-Owholemodule";
				VALIDATE_PRODUCT = YES;
			};
			name = Release;
		};
		796C710A1FA3BBFE005CC404 /* Debug */ = {
			isa = XCBuildConfiguration;
			baseConfigurationReference = BA9814B0C04C2C00976C7431 /* Pods-Wallet.debug.xcconfig */;
			buildSettings = {
				ASSETCATALOG_COMPILER_APPICON_NAME = AppIcon;
				CODE_SIGN_STYLE = Automatic;
				DEVELOPMENT_TEAM = 76EHURWG2W;
				INFOPLIST_FILE = Wallet/Info.plist;
				LD_RUNPATH_SEARCH_PATHS = "$(inherited) @executable_path/Frameworks";
				PRODUCT_BUNDLE_IDENTIFIER = cz.pteasima.Wallet;
				PRODUCT_NAME = "$(TARGET_NAME)";
				SWIFT_VERSION = 4.0;
				TARGETED_DEVICE_FAMILY = "1,2";
			};
			name = Debug;
		};
		796C710B1FA3BBFE005CC404 /* Release */ = {
			isa = XCBuildConfiguration;
			baseConfigurationReference = 9680F07D61A69A03D220BA73 /* Pods-Wallet.release.xcconfig */;
			buildSettings = {
				ASSETCATALOG_COMPILER_APPICON_NAME = AppIcon;
				CODE_SIGN_STYLE = Automatic;
				DEVELOPMENT_TEAM = 76EHURWG2W;
				INFOPLIST_FILE = Wallet/Info.plist;
				LD_RUNPATH_SEARCH_PATHS = "$(inherited) @executable_path/Frameworks";
				PRODUCT_BUNDLE_IDENTIFIER = cz.pteasima.Wallet;
				PRODUCT_NAME = "$(TARGET_NAME)";
				SWIFT_VERSION = 4.0;
				TARGETED_DEVICE_FAMILY = "1,2";
			};
			name = Release;
		};
/* End XCBuildConfiguration section */

/* Begin XCConfigurationList section */
		796C70F21FA3BBFE005CC404 /* Build configuration list for PBXProject "Wallet" */ = {
			isa = XCConfigurationList;
			buildConfigurations = (
				796C71071FA3BBFE005CC404 /* Debug */,
				796C71081FA3BBFE005CC404 /* Release */,
			);
			defaultConfigurationIsVisible = 0;
			defaultConfigurationName = Release;
		};
		796C71091FA3BBFE005CC404 /* Build configuration list for PBXNativeTarget "Wallet" */ = {
			isa = XCConfigurationList;
			buildConfigurations = (
				796C710A1FA3BBFE005CC404 /* Debug */,
				796C710B1FA3BBFE005CC404 /* Release */,
			);
			defaultConfigurationIsVisible = 0;
			defaultConfigurationName = Release;
		};
/* End XCConfigurationList section */
	};
	rootObject = 796C70EF1FA3BBFE005CC404 /* Project object */;
}
