// !$*UTF8*$!
{
	archiveVersion = 1;
	classes = {
	};
	objectVersion = 48;
	objects = {

/* Begin PBXBuildFile section */
		5101F8D2BC7F6A58557CD335 /* Pods_Wallet.framework in Frameworks */ = {isa = PBXBuildFile; fileRef = D94AE04D7CA3DF29C180EA0C /* Pods_Wallet.framework */; };
		7906D2D61FD5508A008BBDB2 /* SignUp.swift in Sources */ = {isa = PBXBuildFile; fileRef = 7906D2D51FD5508A008BBDB2 /* SignUp.swift */; };
		7906D2DA1FD58EFD008BBDB2 /* Closures.framework in Frameworks */ = {isa = PBXBuildFile; fileRef = 7906D2D91FD58EFD008BBDB2 /* Closures.framework */; };
		79095E2D1FE3FDCE0047125A /* SingleSegmentControl.swift in Sources */ = {isa = PBXBuildFile; fileRef = 79095E2C1FE3FDCE0047125A /* SingleSegmentControl.swift */; };
		790CB8B71FD809C7007F2BEB /* TimeTravel.storyboard in Resources */ = {isa = PBXBuildFile; fileRef = 790CB8B61FD809C7007F2BEB /* TimeTravel.storyboard */; };
		790CB8BA1FD80A13007F2BEB /* TimeTravel.swift in Sources */ = {isa = PBXBuildFile; fileRef = 790CB8B91FD80A13007F2BEB /* TimeTravel.swift */; };
		791BB1201FAC6BAC00231794 /* ScaledContainerViewController.swift in Sources */ = {isa = PBXBuildFile; fileRef = 791BB11F1FAC6BAC00231794 /* ScaledContainerViewController.swift */; };
		7928CFC61FCD7315007C3AAE /* Corridor.framework in Frameworks */ = {isa = PBXBuildFile; fileRef = 7928CFC51FCD7315007C3AAE /* Corridor.framework */; };
		792F57F21FC5DD4700FE8310 /* Todos.storyboard in Resources */ = {isa = PBXBuildFile; fileRef = 792F57F11FC5DD4700FE8310 /* Todos.storyboard */; };
		794DD8501FA3C4BC00594479 /* Incremental.swift in Sources */ = {isa = PBXBuildFile; fileRef = 794DD83C1FA3C47400594479 /* Incremental.swift */; };
		794DD8511FA3C4BC00594479 /* Incremental+NSObject.swift in Sources */ = {isa = PBXBuildFile; fileRef = 794DD83D1FA3C47400594479 /* Incremental+NSObject.swift */; };
		794DD85E1FA3C4BC00594479 /* Helpers.swift in Sources */ = {isa = PBXBuildFile; fileRef = 794DD84B1FA3C47400594479 /* Helpers.swift */; };
		794DD85F1FA3C4BC00594479 /* IncrementalStdLib.swift in Sources */ = {isa = PBXBuildFile; fileRef = 794DD84C1FA3C47400594479 /* IncrementalStdLib.swift */; };
		794DD8601FA3C4BC00594479 /* IncrementalArray.swift in Sources */ = {isa = PBXBuildFile; fileRef = 794DD84D1FA3C47400594479 /* IncrementalArray.swift */; };
		795BAB451FD6B7E800D6C51A /* TodosViewController.swift in Sources */ = {isa = PBXBuildFile; fileRef = 795BAB441FD6B7E800D6C51A /* TodosViewController.swift */; };
		795BAB481FD6B84400D6C51A /* TodosAppState.swift in Sources */ = {isa = PBXBuildFile; fileRef = 795BAB471FD6B84400D6C51A /* TodosAppState.swift */; };
		795BAB4B1FD6B91100D6C51A /* TodosNavigationController.swift in Sources */ = {isa = PBXBuildFile; fileRef = 795BAB4A1FD6B91100D6C51A /* TodosNavigationController.swift */; };
		795BAB4E1FD6B99600D6C51A /* TodosUpdate.swift in Sources */ = {isa = PBXBuildFile; fileRef = 795BAB4D1FD6B99600D6C51A /* TodosUpdate.swift */; };
		795BAB501FD6D27000D6C51A /* TodoViewController.swift in Sources */ = {isa = PBXBuildFile; fileRef = 795BAB4F1FD6D27000D6C51A /* TodoViewController.swift */; };
		795BAB531FD6D58200D6C51A /* Collection+Safe.swift in Sources */ = {isa = PBXBuildFile; fileRef = 795BAB521FD6D58200D6C51A /* Collection+Safe.swift */; };
		796C70FB1FA3BBFE005CC404 /* AppDelegate.swift in Sources */ = {isa = PBXBuildFile; fileRef = 796C70FA1FA3BBFE005CC404 /* AppDelegate.swift */; };
		796C71051FA3BBFE005CC404 /* LaunchScreen.storyboard in Resources */ = {isa = PBXBuildFile; fileRef = 796C71031FA3BBFE005CC404 /* LaunchScreen.storyboard */; };
		796C710D1FA3BC20005CC404 /* Monoid.swift in Sources */ = {isa = PBXBuildFile; fileRef = 796C710C1FA3BC20005CC404 /* Monoid.swift */; };
		796C710F1FA3BC83005CC404 /* Reducer.swift in Sources */ = {isa = PBXBuildFile; fileRef = 796C710E1FA3BC83005CC404 /* Reducer.swift */; };
		79C25D421FB4F007009DACF4 /* Assets.xcassets in Resources */ = {isa = PBXBuildFile; fileRef = 79C25D411FB4F006009DACF4 /* Assets.xcassets */; };
		79C8F4831FCDB18F00406697 /* IncrementalCocoa.swift in Sources */ = {isa = PBXBuildFile; fileRef = 79C8F4821FCDB18F00406697 /* IncrementalCocoa.swift */; };
		79CB6BBE1FDBEA52003BB4A9 /* TimeTravelViewController.swift in Sources */ = {isa = PBXBuildFile; fileRef = 79CB6BBD1FDBEA52003BB4A9 /* TimeTravelViewController.swift */; };
		79CB6BC21FDBEBB7003BB4A9 /* AppContainerViewController.swift in Sources */ = {isa = PBXBuildFile; fileRef = 79CB6BC11FDBEBB7003BB4A9 /* AppContainerViewController.swift */; };
		79CB6BC41FDBF67B003BB4A9 /* UtilsViewController.swift in Sources */ = {isa = PBXBuildFile; fileRef = 79CB6BC31FDBF67B003BB4A9 /* UtilsViewController.swift */; };
		79E715E21FA3E6050025C182 /* NavigationController.swift in Sources */ = {isa = PBXBuildFile; fileRef = 79E715E11FA3E6050025C182 /* NavigationController.swift */; };
		79E715EC1FA5ECB90025C182 /* Optics.swift in Sources */ = {isa = PBXBuildFile; fileRef = 79E715EB1FA5ECB90025C182 /* Optics.swift */; };
/* End PBXBuildFile section */

/* Begin PBXFileReference section */
		7906D2D51FD5508A008BBDB2 /* SignUp.swift */ = {isa = PBXFileReference; lastKnownFileType = sourcecode.swift; path = SignUp.swift; sourceTree = "<group>"; };
		7906D2D71FD58EEF008BBDB2 /* Closures.framework.dSYM */ = {isa = PBXFileReference; lastKnownFileType = wrapper.dsym; name = Closures.framework.dSYM; path = Carthage/Build/iOS/Closures.framework.dSYM; sourceTree = "<group>"; };
		7906D2D91FD58EFD008BBDB2 /* Closures.framework */ = {isa = PBXFileReference; lastKnownFileType = wrapper.framework; name = Closures.framework; path = Carthage/Build/iOS/Closures.framework; sourceTree = "<group>"; };
		79095E2C1FE3FDCE0047125A /* SingleSegmentControl.swift */ = {isa = PBXFileReference; lastKnownFileType = sourcecode.swift; path = SingleSegmentControl.swift; sourceTree = "<group>"; };
		790CB8B61FD809C7007F2BEB /* TimeTravel.storyboard */ = {isa = PBXFileReference; lastKnownFileType = file.storyboard; path = TimeTravel.storyboard; sourceTree = "<group>"; };
		790CB8B91FD80A13007F2BEB /* TimeTravel.swift */ = {isa = PBXFileReference; lastKnownFileType = sourcecode.swift; path = TimeTravel.swift; sourceTree = "<group>"; };
		791BB11F1FAC6BAC00231794 /* ScaledContainerViewController.swift */ = {isa = PBXFileReference; lastKnownFileType = sourcecode.swift; path = ScaledContainerViewController.swift; sourceTree = "<group>"; };
		7928CFC51FCD7315007C3AAE /* Corridor.framework */ = {isa = PBXFileReference; lastKnownFileType = wrapper.framework; name = Corridor.framework; path = Carthage/Build/iOS/Corridor.framework; sourceTree = "<group>"; };
		792F57F11FC5DD4700FE8310 /* Todos.storyboard */ = {isa = PBXFileReference; lastKnownFileType = file.storyboard; path = Todos.storyboard; sourceTree = "<group>"; };
		794DD83C1FA3C47400594479 /* Incremental.swift */ = {isa = PBXFileReference; lastKnownFileType = sourcecode.swift; path = Incremental.swift; sourceTree = "<group>"; };
		794DD83D1FA3C47400594479 /* Incremental+NSObject.swift */ = {isa = PBXFileReference; lastKnownFileType = sourcecode.swift; path = "Incremental+NSObject.swift"; sourceTree = "<group>"; };
		794DD84B1FA3C47400594479 /* Helpers.swift */ = {isa = PBXFileReference; lastKnownFileType = sourcecode.swift; path = Helpers.swift; sourceTree = "<group>"; };
		794DD84C1FA3C47400594479 /* IncrementalStdLib.swift */ = {isa = PBXFileReference; lastKnownFileType = sourcecode.swift; path = IncrementalStdLib.swift; sourceTree = "<group>"; };
		794DD84D1FA3C47400594479 /* IncrementalArray.swift */ = {isa = PBXFileReference; lastKnownFileType = sourcecode.swift; path = IncrementalArray.swift; sourceTree = "<group>"; };
		795BAB441FD6B7E800D6C51A /* TodosViewController.swift */ = {isa = PBXFileReference; lastKnownFileType = sourcecode.swift; path = TodosViewController.swift; sourceTree = "<group>"; };
		795BAB471FD6B84400D6C51A /* TodosAppState.swift */ = {isa = PBXFileReference; lastKnownFileType = sourcecode.swift; path = TodosAppState.swift; sourceTree = "<group>"; };
		795BAB4A1FD6B91100D6C51A /* TodosNavigationController.swift */ = {isa = PBXFileReference; lastKnownFileType = sourcecode.swift; path = TodosNavigationController.swift; sourceTree = "<group>"; };
		795BAB4D1FD6B99600D6C51A /* TodosUpdate.swift */ = {isa = PBXFileReference; lastKnownFileType = sourcecode.swift; path = TodosUpdate.swift; sourceTree = "<group>"; };
		795BAB4F1FD6D27000D6C51A /* TodoViewController.swift */ = {isa = PBXFileReference; lastKnownFileType = sourcecode.swift; path = TodoViewController.swift; sourceTree = "<group>"; };
		795BAB521FD6D58200D6C51A /* Collection+Safe.swift */ = {isa = PBXFileReference; lastKnownFileType = sourcecode.swift; path = "Collection+Safe.swift"; sourceTree = "<group>"; };
		796C70F71FA3BBFE005CC404 /* Wallet.app */ = {isa = PBXFileReference; explicitFileType = wrapper.application; includeInIndex = 0; path = Wallet.app; sourceTree = BUILT_PRODUCTS_DIR; };
		796C70FA1FA3BBFE005CC404 /* AppDelegate.swift */ = {isa = PBXFileReference; lastKnownFileType = sourcecode.swift; path = AppDelegate.swift; sourceTree = "<group>"; };
		796C71041FA3BBFE005CC404 /* Base */ = {isa = PBXFileReference; lastKnownFileType = file.storyboard; name = Base; path = Base.lproj/LaunchScreen.storyboard; sourceTree = "<group>"; };
		796C71061FA3BBFE005CC404 /* Info.plist */ = {isa = PBXFileReference; lastKnownFileType = text.plist.xml; path = Info.plist; sourceTree = "<group>"; };
		796C710C1FA3BC20005CC404 /* Monoid.swift */ = {isa = PBXFileReference; lastKnownFileType = sourcecode.swift; path = Monoid.swift; sourceTree = "<group>"; };
		796C710E1FA3BC83005CC404 /* Reducer.swift */ = {isa = PBXFileReference; lastKnownFileType = sourcecode.swift; path = Reducer.swift; sourceTree = "<group>"; };
		79C25D411FB4F006009DACF4 /* Assets.xcassets */ = {isa = PBXFileReference; lastKnownFileType = folder.assetcatalog; path = Assets.xcassets; sourceTree = "<group>"; };
		79C8F4821FCDB18F00406697 /* IncrementalCocoa.swift */ = {isa = PBXFileReference; fileEncoding = 4; lastKnownFileType = sourcecode.swift; path = IncrementalCocoa.swift; sourceTree = "<group>"; };
		79CB6BBD1FDBEA52003BB4A9 /* TimeTravelViewController.swift */ = {isa = PBXFileReference; lastKnownFileType = sourcecode.swift; path = TimeTravelViewController.swift; sourceTree = "<group>"; };
		79CB6BC11FDBEBB7003BB4A9 /* AppContainerViewController.swift */ = {isa = PBXFileReference; lastKnownFileType = sourcecode.swift; path = AppContainerViewController.swift; sourceTree = "<group>"; };
		79CB6BC31FDBF67B003BB4A9 /* UtilsViewController.swift */ = {isa = PBXFileReference; lastKnownFileType = sourcecode.swift; path = UtilsViewController.swift; sourceTree = "<group>"; };
		79E715E11FA3E6050025C182 /* NavigationController.swift */ = {isa = PBXFileReference; lastKnownFileType = sourcecode.swift; path = NavigationController.swift; sourceTree = "<group>"; };
		79E715EB1FA5ECB90025C182 /* Optics.swift */ = {isa = PBXFileReference; lastKnownFileType = sourcecode.swift; path = Optics.swift; sourceTree = "<group>"; };
		9680F07D61A69A03D220BA73 /* Pods-Wallet.release.xcconfig */ = {isa = PBXFileReference; includeInIndex = 1; lastKnownFileType = text.xcconfig; name = "Pods-Wallet.release.xcconfig"; path = "Pods/Target Support Files/Pods-Wallet/Pods-Wallet.release.xcconfig"; sourceTree = "<group>"; };
		BA9814B0C04C2C00976C7431 /* Pods-Wallet.debug.xcconfig */ = {isa = PBXFileReference; includeInIndex = 1; lastKnownFileType = text.xcconfig; name = "Pods-Wallet.debug.xcconfig"; path = "Pods/Target Support Files/Pods-Wallet/Pods-Wallet.debug.xcconfig"; sourceTree = "<group>"; };
		D94AE04D7CA3DF29C180EA0C /* Pods_Wallet.framework */ = {isa = PBXFileReference; explicitFileType = wrapper.framework; includeInIndex = 0; path = Pods_Wallet.framework; sourceTree = BUILT_PRODUCTS_DIR; };
/* End PBXFileReference section */

/* Begin PBXFrameworksBuildPhase section */
		796C70F41FA3BBFE005CC404 /* Frameworks */ = {
			isa = PBXFrameworksBuildPhase;
			buildActionMask = 2147483647;
			files = (
				5101F8D2BC7F6A58557CD335 /* Pods_Wallet.framework in Frameworks */,
				7928CFC61FCD7315007C3AAE /* Corridor.framework in Frameworks */,
				7906D2DA1FD58EFD008BBDB2 /* Closures.framework in Frameworks */,
			);
			runOnlyForDeploymentPostprocessing = 0;
		};
/* End PBXFrameworksBuildPhase section */

/* Begin PBXGroup section */
		2E578A4DC49D05EF7AB9E0DC /* Frameworks */ = {
			isa = PBXGroup;
			children = (
				7906D2D91FD58EFD008BBDB2 /* Closures.framework */,
				7906D2D71FD58EEF008BBDB2 /* Closures.framework.dSYM */,
				7928CFC51FCD7315007C3AAE /* Corridor.framework */,
				D94AE04D7CA3DF29C180EA0C /* Pods_Wallet.framework */,
			);
			name = Frameworks;
			sourceTree = "<group>";
		};
		5A359264F1F7F279DD2BAE6C /* Pods */ = {
			isa = PBXGroup;
			children = (
				BA9814B0C04C2C00976C7431 /* Pods-Wallet.debug.xcconfig */,
				9680F07D61A69A03D220BA73 /* Pods-Wallet.release.xcconfig */,
			);
			name = Pods;
			sourceTree = "<group>";
		};
		790CB8B81FD80A00007F2BEB /* TimeTravel */ = {
			isa = PBXGroup;
			children = (
				79C25D411FB4F006009DACF4 /* Assets.xcassets */,
				790CB8B91FD80A13007F2BEB /* TimeTravel.swift */,
				79CB6BBD1FDBEA52003BB4A9 /* TimeTravelViewController.swift */,
				79CB6BC11FDBEBB7003BB4A9 /* AppContainerViewController.swift */,
				79CB6BC31FDBF67B003BB4A9 /* UtilsViewController.swift */,
			);
			path = TimeTravel;
			sourceTree = "<group>";
		};
		792F57EE1FC5DD2200FE8310 /* Storyboards */ = {
			isa = PBXGroup;
			children = (
				796C71031FA3BBFE005CC404 /* LaunchScreen.storyboard */,
				790CB8B61FD809C7007F2BEB /* TimeTravel.storyboard */,
			);
			path = Storyboards;
			sourceTree = "<group>";
		};
		7931659C1FEB024100D21865 /* Todos */ = {
			isa = PBXGroup;
			children = (
				792F57F11FC5DD4700FE8310 /* Todos.storyboard */,
				795BAB461FD6B81B00D6C51A /* Model */,
				795BAB4C1FD6B97C00D6C51A /* Update */,
				794DD8641FA3CBC300594479 /* ViewControllers */,
			);
			path = Todos;
			sourceTree = "<group>";
		};
		794DD83B1FA3C47400594479 /* Incremental */ = {
			isa = PBXGroup;
			children = (
				794DD83C1FA3C47400594479 /* Incremental.swift */,
				794DD83D1FA3C47400594479 /* Incremental+NSObject.swift */,
				794DD84B1FA3C47400594479 /* Helpers.swift */,
				794DD84C1FA3C47400594479 /* IncrementalStdLib.swift */,
				794DD84D1FA3C47400594479 /* IncrementalArray.swift */,
			);
			path = Incremental;
			sourceTree = "<group>";
		};
		794DD8641FA3CBC300594479 /* ViewControllers */ = {
			isa = PBXGroup;
			children = (
				7906D2D51FD5508A008BBDB2 /* SignUp.swift */,
				795BAB441FD6B7E800D6C51A /* TodosViewController.swift */,
				795BAB4A1FD6B91100D6C51A /* TodosNavigationController.swift */,
				795BAB4F1FD6D27000D6C51A /* TodoViewController.swift */,
			);
			path = ViewControllers;
			sourceTree = "<group>";
		};
		795BAB461FD6B81B00D6C51A /* Model */ = {
			isa = PBXGroup;
			children = (
				795BAB471FD6B84400D6C51A /* TodosAppState.swift */,
			);
			path = Model;
			sourceTree = "<group>";
		};
		795BAB4C1FD6B97C00D6C51A /* Update */ = {
			isa = PBXGroup;
			children = (
				795BAB4D1FD6B99600D6C51A /* TodosUpdate.swift */,
			);
			path = Update;
			sourceTree = "<group>";
		};
		795BAB511FD6D52C00D6C51A /* Extensions */ = {
			isa = PBXGroup;
			children = (
				795BAB521FD6D58200D6C51A /* Collection+Safe.swift */,
				79095E2C1FE3FDCE0047125A /* SingleSegmentControl.swift */,
			);
			path = Extensions;
			sourceTree = "<group>";
		};
		796C70EE1FA3BBFE005CC404 = {
			isa = PBXGroup;
			children = (
				79E715E01FA3E5F70025C182 /* RoutableUIKit */,
				796C70F91FA3BBFE005CC404 /* Wallet */,
				794DD83B1FA3C47400594479 /* Incremental */,
				796C70F81FA3BBFE005CC404 /* Products */,
				5A359264F1F7F279DD2BAE6C /* Pods */,
				2E578A4DC49D05EF7AB9E0DC /* Frameworks */,
			);
			sourceTree = "<group>";
		};
		796C70F81FA3BBFE005CC404 /* Products */ = {
			isa = PBXGroup;
			children = (
				796C70F71FA3BBFE005CC404 /* Wallet.app */,
			);
			name = Products;
			sourceTree = "<group>";
		};
		796C70F91FA3BBFE005CC404 /* Wallet */ = {
			isa = PBXGroup;
			children = (
				7931659C1FEB024100D21865 /* Todos */,
				790CB8B81FD80A00007F2BEB /* TimeTravel */,
				795BAB511FD6D52C00D6C51A /* Extensions */,
				79C8F47F1FCDB15400406697 /* IncrementalCocoa */,
				792F57EE1FC5DD2200FE8310 /* Storyboards */,
				796C70FA1FA3BBFE005CC404 /* AppDelegate.swift */,
				796C71061FA3BBFE005CC404 /* Info.plist */,
				796C710C1FA3BC20005CC404 /* Monoid.swift */,
				796C710E1FA3BC83005CC404 /* Reducer.swift */,
				79E715EB1FA5ECB90025C182 /* Optics.swift */,
				791BB11F1FAC6BAC00231794 /* ScaledContainerViewController.swift */,
			);
			path = Wallet;
			sourceTree = "<group>";
		};
		79C8F47F1FCDB15400406697 /* IncrementalCocoa */ = {
			isa = PBXGroup;
			children = (
				79C8F4821FCDB18F00406697 /* IncrementalCocoa.swift */,
			);
			path = IncrementalCocoa;
			sourceTree = "<group>";
		};
		79E715E01FA3E5F70025C182 /* RoutableUIKit */ = {
			isa = PBXGroup;
			children = (
				79E715E11FA3E6050025C182 /* NavigationController.swift */,
			);
			path = RoutableUIKit;
			sourceTree = "<group>";
		};
/* End PBXGroup section */

/* Begin PBXNativeTarget section */
		796C70F61FA3BBFE005CC404 /* Wallet */ = {
			isa = PBXNativeTarget;
			buildConfigurationList = 796C71091FA3BBFE005CC404 /* Build configuration list for PBXNativeTarget "Wallet" */;
			buildPhases = (
				0F5C74B627E8681AB30AC554 /* [CP] Check Pods Manifest.lock */,
				796C70F31FA3BBFE005CC404 /* Sources */,
				796C70F41FA3BBFE005CC404 /* Frameworks */,
				796C70F51FA3BBFE005CC404 /* Resources */,
				5E190E78C36F4458D3345EE5 /* [CP] Embed Pods Frameworks */,
				9B384B21DBD8D1DD2D9FC5A3 /* [CP] Copy Pods Resources */,
				7928CFC71FCD7356007C3AAE /* carthage-copy-frameworks */,
			);
			buildRules = (
			);
			dependencies = (
			);
			name = Wallet;
			productName = Wallet;
			productReference = 796C70F71FA3BBFE005CC404 /* Wallet.app */;
			productType = "com.apple.product-type.application";
		};
/* End PBXNativeTarget section */

/* Begin PBXProject section */
		796C70EF1FA3BBFE005CC404 /* Project object */ = {
			isa = PBXProject;
			attributes = {
				LastSwiftUpdateCheck = 0900;
				LastUpgradeCheck = 0900;
				ORGANIZATIONNAME = "Petr Šíma";
				TargetAttributes = {
					796C70F61FA3BBFE005CC404 = {
						CreatedOnToolsVersion = 9.0;
						ProvisioningStyle = Automatic;
					};
				};
			};
			buildConfigurationList = 796C70F21FA3BBFE005CC404 /* Build configuration list for PBXProject "Wallet" */;
			compatibilityVersion = "Xcode 8.0";
			developmentRegion = en;
			hasScannedForEncodings = 0;
			knownRegions = (
				en,
				Base,
			);
			mainGroup = 796C70EE1FA3BBFE005CC404;
			productRefGroup = 796C70F81FA3BBFE005CC404 /* Products */;
			projectDirPath = "";
			projectRoot = "";
			targets = (
				796C70F61FA3BBFE005CC404 /* Wallet */,
			);
		};
/* End PBXProject section */

/* Begin PBXResourcesBuildPhase section */
		796C70F51FA3BBFE005CC404 /* Resources */ = {
			isa = PBXResourcesBuildPhase;
			buildActionMask = 2147483647;
			files = (
				792F57F21FC5DD4700FE8310 /* Todos.storyboard in Resources */,
				790CB8B71FD809C7007F2BEB /* TimeTravel.storyboard in Resources */,
				79C25D421FB4F007009DACF4 /* Assets.xcassets in Resources */,
				796C71051FA3BBFE005CC404 /* LaunchScreen.storyboard in Resources */,
			);
			runOnlyForDeploymentPostprocessing = 0;
		};
/* End PBXResourcesBuildPhase section */

/* Begin PBXShellScriptBuildPhase section */
		0F5C74B627E8681AB30AC554 /* [CP] Check Pods Manifest.lock */ = {
			isa = PBXShellScriptBuildPhase;
			buildActionMask = 2147483647;
			files = (
			);
			inputPaths = (
			);
			name = "[CP] Check Pods Manifest.lock";
			outputPaths = (
			);
			runOnlyForDeploymentPostprocessing = 0;
			shellPath = /bin/sh;
			shellScript = "diff \"${PODS_PODFILE_DIR_PATH}/Podfile.lock\" \"${PODS_ROOT}/Manifest.lock\" > /dev/null\nif [ $? != 0 ] ; then\n    # print error to STDERR\n    echo \"error: The sandbox is not in sync with the Podfile.lock. Run 'pod install' or update your CocoaPods installation.\" >&2\n    exit 1\nfi\n";
			showEnvVarsInLog = 0;
		};
		5E190E78C36F4458D3345EE5 /* [CP] Embed Pods Frameworks */ = {
			isa = PBXShellScriptBuildPhase;
			buildActionMask = 2147483647;
			files = (
			);
			inputPaths = (
			);
			name = "[CP] Embed Pods Frameworks";
			outputPaths = (
			);
			runOnlyForDeploymentPostprocessing = 0;
			shellPath = /bin/sh;
			shellScript = "\"${SRCROOT}/Pods/Target Support Files/Pods-Wallet/Pods-Wallet-frameworks.sh\"\n";
			showEnvVarsInLog = 0;
		};
		7928CFC71FCD7356007C3AAE /* carthage-copy-frameworks */ = {
			isa = PBXShellScriptBuildPhase;
			buildActionMask = 2147483647;
			files = (
			);
			inputPaths = (
				"$(SRCROOT)/Carthage/Build/iOS/Corridor.framework",
				"$(SRCROOT)/Carthage/Build/iOS/Closures.framework",
			);
			name = "carthage-copy-frameworks";
			outputPaths = (
				"$(BUILT_PRODUCTS_DIR)/$(FRAMEWORKS_FOLDER_PATH)/Corridor.framework",
				"$(BUILT_PRODUCTS_DIR)/$(FRAMEWORKS_FOLDER_PATH)/Closures.framework",
			);
			runOnlyForDeploymentPostprocessing = 0;
			shellPath = /bin/sh;
			shellScript = "/usr/local/bin/carthage copy-frameworks";
		};
		9B384B21DBD8D1DD2D9FC5A3 /* [CP] Copy Pods Resources */ = {
			isa = PBXShellScriptBuildPhase;
			buildActionMask = 2147483647;
			files = (
			);
			inputPaths = (
			);
			name = "[CP] Copy Pods Resources";
			outputPaths = (
			);
			runOnlyForDeploymentPostprocessing = 0;
			shellPath = /bin/sh;
			shellScript = "\"${SRCROOT}/Pods/Target Support Files/Pods-Wallet/Pods-Wallet-resources.sh\"\n";
			showEnvVarsInLog = 0;
		};
/* End PBXShellScriptBuildPhase section */

/* Begin PBXSourcesBuildPhase section */
		796C70F31FA3BBFE005CC404 /* Sources */ = {
			isa = PBXSourcesBuildPhase;
			buildActionMask = 2147483647;
			files = (
				795BAB451FD6B7E800D6C51A /* TodosViewController.swift in Sources */,
				794DD85E1FA3C4BC00594479 /* Helpers.swift in Sources */,
				795BAB4E1FD6B99600D6C51A /* TodosUpdate.swift in Sources */,
				79095E2D1FE3FDCE0047125A /* SingleSegmentControl.swift in Sources */,
				79C8F4831FCDB18F00406697 /* IncrementalCocoa.swift in Sources */,
				795BAB481FD6B84400D6C51A /* TodosAppState.swift in Sources */,
				79CB6BC21FDBEBB7003BB4A9 /* AppContainerViewController.swift in Sources */,
				7906D2D61FD5508A008BBDB2 /* SignUp.swift in Sources */,
				794DD8511FA3C4BC00594479 /* Incremental+NSObject.swift in Sources */,
				796C710D1FA3BC20005CC404 /* Monoid.swift in Sources */,
				791BB1201FAC6BAC00231794 /* ScaledContainerViewController.swift in Sources */,
				796C710F1FA3BC83005CC404 /* Reducer.swift in Sources */,
				795BAB4B1FD6B91100D6C51A /* TodosNavigationController.swift in Sources */,
				794DD8501FA3C4BC00594479 /* Incremental.swift in Sources */,
				79E715EC1FA5ECB90025C182 /* Optics.swift in Sources */,
				795BAB531FD6D58200D6C51A /* Collection+Safe.swift in Sources */,
				795BAB501FD6D27000D6C51A /* TodoViewController.swift in Sources */,
				79CB6BC41FDBF67B003BB4A9 /* UtilsViewController.swift in Sources */,
				79E715E21FA3E6050025C182 /* NavigationController.swift in Sources */,
				790CB8BA1FD80A13007F2BEB /* TimeTravel.swift in Sources */,
				794DD85F1FA3C4BC00594479 /* IncrementalStdLib.swift in Sources */,
				794DD8601FA3C4BC00594479 /* IncrementalArray.swift in Sources */,
				796C70FB1FA3BBFE005CC404 /* AppDelegate.swift in Sources */,
				79CB6BBE1FDBEA52003BB4A9 /* TimeTravelViewController.swift in Sources */,
			);
			runOnlyForDeploymentPostprocessing = 0;
		};
/* End PBXSourcesBuildPhase section */

/* Begin PBXVariantGroup section */
		796C71031FA3BBFE005CC404 /* LaunchScreen.storyboard */ = {
			isa = PBXVariantGroup;
			children = (
				796C71041FA3BBFE005CC404 /* Base */,
			);
			name = LaunchScreen.storyboard;
			sourceTree = "<group>";
		};
/* End PBXVariantGroup section */

/* Begin XCBuildConfiguration section */
		796C71071FA3BBFE005CC404 /* Debug */ = {
			isa = XCBuildConfiguration;
			buildSettings = {
				ALWAYS_SEARCH_USER_PATHS = NO;
				CLANG_ANALYZER_NONNULL = YES;
				CLANG_ANALYZER_NUMBER_OBJECT_CONVERSION = YES_AGGRESSIVE;
				CLANG_CXX_LANGUAGE_STANDARD = "gnu++14";
				CLANG_CXX_LIBRARY = "libc++";
				CLANG_ENABLE_MODULES = YES;
				CLANG_ENABLE_OBJC_ARC = YES;
				CLANG_WARN_BLOCK_CAPTURE_AUTORELEASING = YES;
				CLANG_WARN_BOOL_CONVERSION = YES;
				CLANG_WARN_COMMA = YES;
				CLANG_WARN_CONSTANT_CONVERSION = YES;
				CLANG_WARN_DIRECT_OBJC_ISA_USAGE = YES_ERROR;
				CLANG_WARN_DOCUMENTATION_COMMENTS = YES;
				CLANG_WARN_EMPTY_BODY = YES;
				CLANG_WARN_ENUM_CONVERSION = YES;
				CLANG_WARN_INFINITE_RECURSION = YES;
				CLANG_WARN_INT_CONVERSION = YES;
				CLANG_WARN_NON_LITERAL_NULL_CONVERSION = YES;
				CLANG_WARN_OBJC_LITERAL_CONVERSION = YES;
				CLANG_WARN_OBJC_ROOT_CLASS = YES_ERROR;
				CLANG_WARN_RANGE_LOOP_ANALYSIS = YES;
				CLANG_WARN_STRICT_PROTOTYPES = YES;
				CLANG_WARN_SUSPICIOUS_MOVE = YES;
				CLANG_WARN_UNGUARDED_AVAILABILITY = YES_AGGRESSIVE;
				CLANG_WARN_UNREACHABLE_CODE = YES;
				CLANG_WARN__DUPLICATE_METHOD_MATCH = YES;
				CODE_SIGN_IDENTITY = "iPhone Developer";
				COPY_PHASE_STRIP = NO;
				DEBUG_INFORMATION_FORMAT = dwarf;
				ENABLE_STRICT_OBJC_MSGSEND = YES;
				ENABLE_TESTABILITY = YES;
				GCC_C_LANGUAGE_STANDARD = gnu11;
				GCC_DYNAMIC_NO_PIC = NO;
				GCC_NO_COMMON_BLOCKS = YES;
				GCC_OPTIMIZATION_LEVEL = 0;
				GCC_PREPROCESSOR_DEFINITIONS = (
					"DEBUG=1",
					"$(inherited)",
				);
				GCC_WARN_64_TO_32_BIT_CONVERSION = YES;
				GCC_WARN_ABOUT_RETURN_TYPE = YES_ERROR;
				GCC_WARN_UNDECLARED_SELECTOR = YES;
				GCC_WARN_UNINITIALIZED_AUTOS = YES_AGGRESSIVE;
				GCC_WARN_UNUSED_FUNCTION = YES;
				GCC_WARN_UNUSED_VARIABLE = YES;
				IPHONEOS_DEPLOYMENT_TARGET = 11.0;
				MTL_ENABLE_DEBUG_INFO = YES;
				ONLY_ACTIVE_ARCH = YES;
				SDKROOT = iphoneos;
				SWIFT_ACTIVE_COMPILATION_CONDITIONS = DEBUG;
				SWIFT_OPTIMIZATION_LEVEL = "-Onone";
			};
			name = Debug;
		};
		796C71081FA3BBFE005CC404 /* Release */ = {
			isa = XCBuildConfiguration;
			buildSettings = {
				ALWAYS_SEARCH_USER_PATHS = NO;
				CLANG_ANALYZER_NONNULL = YES;
				CLANG_ANALYZER_NUMBER_OBJECT_CONVERSION = YES_AGGRESSIVE;
				CLANG_CXX_LANGUAGE_STANDARD = "gnu++14";
				CLANG_CXX_LIBRARY = "libc++";
				CLANG_ENABLE_MODULES = YES;
				CLANG_ENABLE_OBJC_ARC = YES;
				CLANG_WARN_BLOCK_CAPTURE_AUTORELEASING = YES;
				CLANG_WARN_BOOL_CONVERSION = YES;
				CLANG_WARN_COMMA = YES;
				CLANG_WARN_CONSTANT_CONVERSION = YES;
				CLANG_WARN_DIRECT_OBJC_ISA_USAGE = YES_ERROR;
				CLANG_WARN_DOCUMENTATION_COMMENTS = YES;
				CLANG_WARN_EMPTY_BODY = YES;
				CLANG_WARN_ENUM_CONVERSION = YES;
				CLANG_WARN_INFINITE_RECURSION = YES;
				CLANG_WARN_INT_CONVERSION = YES;
				CLANG_WARN_NON_LITERAL_NULL_CONVERSION = YES;
				CLANG_WARN_OBJC_LITERAL_CONVERSION = YES;
				CLANG_WARN_OBJC_ROOT_CLASS = YES_ERROR;
				CLANG_WARN_RANGE_LOOP_ANALYSIS = YES;
				CLANG_WARN_STRICT_PROTOTYPES = YES;
				CLANG_WARN_SUSPICIOUS_MOVE = YES;
				CLANG_WARN_UNGUARDED_AVAILABILITY = YES_AGGRESSIVE;
				CLANG_WARN_UNREACHABLE_CODE = YES;
				CLANG_WARN__DUPLICATE_METHOD_MATCH = YES;
				CODE_SIGN_IDENTITY = "iPhone Developer";
				COPY_PHASE_STRIP = NO;
				DEBUG_INFORMATION_FORMAT = "dwarf-with-dsym";
				ENABLE_NS_ASSERTIONS = NO;
				ENABLE_STRICT_OBJC_MSGSEND = YES;
				GCC_C_LANGUAGE_STANDARD = gnu11;
				GCC_NO_COMMON_BLOCKS = YES;
				GCC_WARN_64_TO_32_BIT_CONVERSION = YES;
				GCC_WARN_ABOUT_RETURN_TYPE = YES_ERROR;
				GCC_WARN_UNDECLARED_SELECTOR = YES;
				GCC_WARN_UNINITIALIZED_AUTOS = YES_AGGRESSIVE;
				GCC_WARN_UNUSED_FUNCTION = YES;
				GCC_WARN_UNUSED_VARIABLE = YES;
				IPHONEOS_DEPLOYMENT_TARGET = 11.0;
				MTL_ENABLE_DEBUG_INFO = NO;
				SDKROOT = iphoneos;
				SWIFT_OPTIMIZATION_LEVEL = "-Owholemodule";
				VALIDATE_PRODUCT = YES;
			};
			name = Release;
		};
		796C710A1FA3BBFE005CC404 /* Debug */ = {
			isa = XCBuildConfiguration;
			baseConfigurationReference = BA9814B0C04C2C00976C7431 /* Pods-Wallet.debug.xcconfig */;
			buildSettings = {
				ASSETCATALOG_COMPILER_APPICON_NAME = AppIcon;
				CODE_SIGN_STYLE = Automatic;
				DEVELOPMENT_TEAM = 76EHURWG2W;
				FRAMEWORK_SEARCH_PATHS = (
					"$(inherited)",
					"$(PROJECT_DIR)/Carthage/Build/iOS",
				);
				INFOPLIST_FILE = Wallet/Info.plist;
				LD_RUNPATH_SEARCH_PATHS = "$(inherited) @executable_path/Frameworks";
				PRODUCT_BUNDLE_IDENTIFIER = cz.pteasima.Wallet;
				PRODUCT_NAME = "$(TARGET_NAME)";
				SWIFT_VERSION = 4.0;
				TARGETED_DEVICE_FAMILY = "1,2";
			};
			name = Debug;
		};
		796C710B1FA3BBFE005CC404 /* Release */ = {
			isa = XCBuildConfiguration;
			baseConfigurationReference = 9680F07D61A69A03D220BA73 /* Pods-Wallet.release.xcconfig */;
			buildSettings = {
				ASSETCATALOG_COMPILER_APPICON_NAME = AppIcon;
				CODE_SIGN_STYLE = Automatic;
				DEVELOPMENT_TEAM = 76EHURWG2W;
				FRAMEWORK_SEARCH_PATHS = (
					"$(inherited)",
					"$(PROJECT_DIR)/Carthage/Build/iOS",
				);
				INFOPLIST_FILE = Wallet/Info.plist;
				LD_RUNPATH_SEARCH_PATHS = "$(inherited) @executable_path/Frameworks";
				PRODUCT_BUNDLE_IDENTIFIER = cz.pteasima.Wallet;
				PRODUCT_NAME = "$(TARGET_NAME)";
				SWIFT_VERSION = 4.0;
				TARGETED_DEVICE_FAMILY = "1,2";
			};
			name = Release;
		};
/* End XCBuildConfiguration section */

/* Begin XCConfigurationList section */
		796C70F21FA3BBFE005CC404 /* Build configuration list for PBXProject "Wallet" */ = {
			isa = XCConfigurationList;
			buildConfigurations = (
				796C71071FA3BBFE005CC404 /* Debug */,
				796C71081FA3BBFE005CC404 /* Release */,
			);
			defaultConfigurationIsVisible = 0;
			defaultConfigurationName = Release;
		};
		796C71091FA3BBFE005CC404 /* Build configuration list for PBXNativeTarget "Wallet" */ = {
			isa = XCConfigurationList;
			buildConfigurations = (
				796C710A1FA3BBFE005CC404 /* Debug */,
				796C710B1FA3BBFE005CC404 /* Release */,
			);
			defaultConfigurationIsVisible = 0;
			defaultConfigurationName = Release;
		};
/* End XCConfigurationList section */
	};
	rootObject = 796C70EF1FA3BBFE005CC404 /* Project object */;
}
